
Microsoft Visual Studio Solution File, Format Version 12.00
# Visual Studio Version 17
VisualStudioVersion = 17.10.35027.167
MinimumVisualStudioVersion = 10.0.40219.1
Project("{FAE04EC0-301F-11D3-BF4B-00C04F79EFBC}") = "MethodLecture", "MethodLecture.csproj", "{5943349C-D881-422B-9C84-4E8C3AC0D6E8}"
EndProject
Global
	GlobalSection(SolutionConfigurationPlatforms) = preSolution
		Debug|Any CPU = Debug|Any CPU
		Release|Any CPU = Release|Any CPU
	EndGlobalSection
	GlobalSection(ProjectConfigurationPlatforms) = postSolution
		{5943349C-D881-422B-9C84-4E8C3AC0D6E8}.Debug|Any CPU.ActiveCfg = Debug|Any CPU
		{5943349C-D881-422B-9C84-4E8C3AC0D6E8}.Debug|Any CPU.Build.0 = Debug|Any CPU
		{5943349C-D881-422B-9C84-4E8C3AC0D6E8}.Release|Any CPU.ActiveCfg = Release|Any CPU
		{5943349C-D881-422B-9C84-4E8C3AC0D6E8}.Release|Any CPU.Build.0 = Release|Any CPU
	EndGlobalSection
	GlobalSection(SolutionProperties) = preSolution
		HideSolutionNode = FALSE
	EndGlobalSection
	GlobalSection(ExtensibilityGlobals) = postSolution
		SolutionGuid = {6783A3ED-130D-4BB0-9142-E72019784DE0}
	EndGlobalSection
EndGlobal
